// !$*UTF8*$!
{
	archiveVersion = 1;
	classes = {
	};
	objectVersion = 77;
	objects = {

/* Begin PBXBuildFile section */
		155164762ED374440015567A /* ZMarkupParser in Frameworks */ = {isa = PBXBuildFile; productRef = 155164752ED374440015567A /* ZMarkupParser */; };
		158240912ED303EC000ABA90 /* FeedKit in Frameworks */ = {isa = PBXBuildFile; productRef = 158240902ED303EC000ABA90 /* FeedKit */; };
		158240932ED303EC000ABA90 /* XMLKit in Frameworks */ = {isa = PBXBuildFile; productRef = 158240922ED303EC000ABA90 /* XMLKit */; };
		15AEEAE02F26464200D90D05 /* WidgetKit.framework in Frameworks */ = {isa = PBXBuildFile; fileRef = 15AEEA152F2642D900D90D05 /* WidgetKit.framework */; };
		15AEEAE12F26464200D90D05 /* SwiftUI.framework in Frameworks */ = {isa = PBXBuildFile; fileRef = 15AEEA172F2642D900D90D05 /* SwiftUI.framework */; };
		15AEEAEE2F26464500D90D05 /* PodcastAnalyzerWidgetExtension.appex in Embed Foundation Extensions */ = {isa = PBXBuildFile; fileRef = 15AEEADF2F26464200D90D05 /* PodcastAnalyzerWidgetExtension.appex */; settings = {ATTRIBUTES = (RemoveHeadersOnCopy, ); }; };
/* End PBXBuildFile section */

/* Begin PBXContainerItemProxy section */
		15AEEAEC2F26464500D90D05 /* PBXContainerItemProxy */ = {
			isa = PBXContainerItemProxy;
			containerPortal = 15ED5EE52EC44BC6001B6CD7 /* Project object */;
			proxyType = 1;
			remoteGlobalIDString = 15AEEADE2F26464200D90D05;
			remoteInfo = PodcastAnalyzerWidgetExtension;
		};
		15ED5EFD2EC44BC9001B6CD7 /* PBXContainerItemProxy */ = {
			isa = PBXContainerItemProxy;
			containerPortal = 15ED5EE52EC44BC6001B6CD7 /* Project object */;
			proxyType = 1;
			remoteGlobalIDString = 15ED5EEC2EC44BC6001B6CD7;
			remoteInfo = PodcastAnalyzer;
		};
		15ED5F072EC44BC9001B6CD7 /* PBXContainerItemProxy */ = {
			isa = PBXContainerItemProxy;
			containerPortal = 15ED5EE52EC44BC6001B6CD7 /* Project object */;
			proxyType = 1;
			remoteGlobalIDString = 15ED5EEC2EC44BC6001B6CD7;
			remoteInfo = PodcastAnalyzer;
		};
/* End PBXContainerItemProxy section */

/* Begin PBXCopyFilesBuildPhase section */
		15AEEA2E2F2642DB00D90D05 /* Embed Foundation Extensions */ = {
			isa = PBXCopyFilesBuildPhase;
			buildActionMask = 2147483647;
			dstPath = "";
			dstSubfolderSpec = 13;
			files = (
				15AEEAEE2F26464500D90D05 /* PodcastAnalyzerWidgetExtension.appex in Embed Foundation Extensions */,
			);
			name = "Embed Foundation Extensions";
			runOnlyForDeploymentPostprocessing = 0;
		};
/* End PBXCopyFilesBuildPhase section */

/* Begin PBXFileReference section */
		15AEEA152F2642D900D90D05 /* WidgetKit.framework */ = {isa = PBXFileReference; lastKnownFileType = wrapper.framework; name = WidgetKit.framework; path = System/Library/Frameworks/WidgetKit.framework; sourceTree = SDKROOT; };
		15AEEA172F2642D900D90D05 /* SwiftUI.framework */ = {isa = PBXFileReference; lastKnownFileType = wrapper.framework; name = SwiftUI.framework; path = System/Library/Frameworks/SwiftUI.framework; sourceTree = SDKROOT; };
		15AEEADF2F26464200D90D05 /* PodcastAnalyzerWidgetExtension.appex */ = {isa = PBXFileReference; explicitFileType = "wrapper.app-extension"; includeInIndex = 0; path = PodcastAnalyzerWidgetExtension.appex; sourceTree = BUILT_PRODUCTS_DIR; };
		15ED5EED2EC44BC6001B6CD7 /* PodcastAnalyzer.app */ = {isa = PBXFileReference; explicitFileType = wrapper.application; includeInIndex = 0; path = PodcastAnalyzer.app; sourceTree = BUILT_PRODUCTS_DIR; };
		15ED5EFC2EC44BC9001B6CD7 /* PodcastAnalyzerTests.xctest */ = {isa = PBXFileReference; explicitFileType = wrapper.cfbundle; includeInIndex = 0; path = PodcastAnalyzerTests.xctest; sourceTree = BUILT_PRODUCTS_DIR; };
		15ED5F062EC44BC9001B6CD7 /* PodcastAnalyzerUITests.xctest */ = {isa = PBXFileReference; explicitFileType = wrapper.cfbundle; includeInIndex = 0; path = PodcastAnalyzerUITests.xctest; sourceTree = BUILT_PRODUCTS_DIR; };
/* End PBXFileReference section */

/* Begin PBXFileSystemSynchronizedBuildFileExceptionSet section */
		15AEEAF22F26464500D90D05 /* Exceptions for "PodcastAnalyzerWidget" folder in "PodcastAnalyzerWidgetExtension" target */ = {
			isa = PBXFileSystemSynchronizedBuildFileExceptionSet;
			membershipExceptions = (
				Info.plist,
			);
			target = 15AEEADE2F26464200D90D05 /* PodcastAnalyzerWidgetExtension */;
		};
		15CA20872EF2E1FE000FF253 /* Exceptions for "PodcastAnalyzer" folder in "PodcastAnalyzer" target */ = {
			isa = PBXFileSystemSynchronizedBuildFileExceptionSet;
			membershipExceptions = (
				Info.plist,
			);
			target = 15ED5EEC2EC44BC6001B6CD7 /* PodcastAnalyzer */;
		};
/* End PBXFileSystemSynchronizedBuildFileExceptionSet section */

/* Begin PBXFileSystemSynchronizedRootGroup section */
		15AEEAE22F26464200D90D05 /* PodcastAnalyzerWidget */ = {
			isa = PBXFileSystemSynchronizedRootGroup;
			exceptions = (
				15AEEAF22F26464500D90D05 /* Exceptions for "PodcastAnalyzerWidget" folder in "PodcastAnalyzerWidgetExtension" target */,
			);
			path = PodcastAnalyzerWidget;
			sourceTree = "<group>";
		};
		15ED5EEF2EC44BC6001B6CD7 /* PodcastAnalyzer */ = {
			isa = PBXFileSystemSynchronizedRootGroup;
			exceptions = (
				15CA20872EF2E1FE000FF253 /* Exceptions for "PodcastAnalyzer" folder in "PodcastAnalyzer" target */,
			);
			path = PodcastAnalyzer;
			sourceTree = "<group>";
		};
		15ED5EFF2EC44BC9001B6CD7 /* PodcastAnalyzerTests */ = {
			isa = PBXFileSystemSynchronizedRootGroup;
			path = PodcastAnalyzerTests;
			sourceTree = "<group>";
		};
		15ED5F092EC44BC9001B6CD7 /* PodcastAnalyzerUITests */ = {
			isa = PBXFileSystemSynchronizedRootGroup;
			path = PodcastAnalyzerUITests;
			sourceTree = "<group>";
		};
/* End PBXFileSystemSynchronizedRootGroup section */

/* Begin PBXFrameworksBuildPhase section */
		15AEEADC2F26464200D90D05 /* Frameworks */ = {
			isa = PBXFrameworksBuildPhase;
			buildActionMask = 2147483647;
			files = (
				15AEEAE12F26464200D90D05 /* SwiftUI.framework in Frameworks */,
				15AEEAE02F26464200D90D05 /* WidgetKit.framework in Frameworks */,
			);
			runOnlyForDeploymentPostprocessing = 0;
		};
		15ED5EEA2EC44BC6001B6CD7 /* Frameworks */ = {
			isa = PBXFrameworksBuildPhase;
			buildActionMask = 2147483647;
			files = (
				155164762ED374440015567A /* ZMarkupParser in Frameworks */,
				158240912ED303EC000ABA90 /* FeedKit in Frameworks */,
				158240932ED303EC000ABA90 /* XMLKit in Frameworks */,
			);
			runOnlyForDeploymentPostprocessing = 0;
		};
		15ED5EF92EC44BC9001B6CD7 /* Frameworks */ = {
			isa = PBXFrameworksBuildPhase;
			buildActionMask = 2147483647;
			files = (
			);
			runOnlyForDeploymentPostprocessing = 0;
		};
		15ED5F032EC44BC9001B6CD7 /* Frameworks */ = {
			isa = PBXFrameworksBuildPhase;
			buildActionMask = 2147483647;
			files = (
			);
			runOnlyForDeploymentPostprocessing = 0;
		};
/* End PBXFrameworksBuildPhase section */

/* Begin PBXGroup section */
		155164742ED374440015567A /* Frameworks */ = {
			isa = PBXGroup;
			children = (
				15AEEA152F2642D900D90D05 /* WidgetKit.framework */,
				15AEEA172F2642D900D90D05 /* SwiftUI.framework */,
			);
			name = Frameworks;
			sourceTree = "<group>";
		};
		15ED5EE42EC44BC6001B6CD7 = {
			isa = PBXGroup;
			children = (
				15ED5EEF2EC44BC6001B6CD7 /* PodcastAnalyzer */,
				15ED5EFF2EC44BC9001B6CD7 /* PodcastAnalyzerTests */,
				15ED5F092EC44BC9001B6CD7 /* PodcastAnalyzerUITests */,
				15AEEAE22F26464200D90D05 /* PodcastAnalyzerWidget */,
				155164742ED374440015567A /* Frameworks */,
				15ED5EEE2EC44BC6001B6CD7 /* Products */,
			);
			sourceTree = "<group>";
		};
		15ED5EEE2EC44BC6001B6CD7 /* Products */ = {
			isa = PBXGroup;
			children = (
				15ED5EED2EC44BC6001B6CD7 /* PodcastAnalyzer.app */,
				15ED5EFC2EC44BC9001B6CD7 /* PodcastAnalyzerTests.xctest */,
				15ED5F062EC44BC9001B6CD7 /* PodcastAnalyzerUITests.xctest */,
				15AEEADF2F26464200D90D05 /* PodcastAnalyzerWidgetExtension.appex */,
			);
			name = Products;
			sourceTree = "<group>";
		};
/* End PBXGroup section */

/* Begin PBXNativeTarget section */
		15AEEADE2F26464200D90D05 /* PodcastAnalyzerWidgetExtension */ = {
			isa = PBXNativeTarget;
			buildConfigurationList = 15AEEAF12F26464500D90D05 /* Build configuration list for PBXNativeTarget "PodcastAnalyzerWidgetExtension" */;
			buildPhases = (
				15AEEADB2F26464200D90D05 /* Sources */,
				15AEEADC2F26464200D90D05 /* Frameworks */,
				15AEEADD2F26464200D90D05 /* Resources */,
			);
			buildRules = (
			);
			dependencies = (
			);
			fileSystemSynchronizedGroups = (
				15AEEAE22F26464200D90D05 /* PodcastAnalyzerWidget */,
			);
			name = PodcastAnalyzerWidgetExtension;
			packageProductDependencies = (
			);
			productName = PodcastAnalyzerWidgetExtension;
			productReference = 15AEEADF2F26464200D90D05 /* PodcastAnalyzerWidgetExtension.appex */;
			productType = "com.apple.product-type.app-extension";
		};
		15ED5EEC2EC44BC6001B6CD7 /* PodcastAnalyzer */ = {
			isa = PBXNativeTarget;
			buildConfigurationList = 15ED5F102EC44BC9001B6CD7 /* Build configuration list for PBXNativeTarget "PodcastAnalyzer" */;
			buildPhases = (
				15ED5EE92EC44BC6001B6CD7 /* Sources */,
				15ED5EEA2EC44BC6001B6CD7 /* Frameworks */,
				15ED5EEB2EC44BC6001B6CD7 /* Resources */,
				15AEEA2E2F2642DB00D90D05 /* Embed Foundation Extensions */,
			);
			buildRules = (
			);
			dependencies = (
				15AEEAED2F26464500D90D05 /* PBXTargetDependency */,
			);
			fileSystemSynchronizedGroups = (
				15ED5EEF2EC44BC6001B6CD7 /* PodcastAnalyzer */,
			);
			name = PodcastAnalyzer;
			packageProductDependencies = (
				158240902ED303EC000ABA90 /* FeedKit */,
				158240922ED303EC000ABA90 /* XMLKit */,
				155164752ED374440015567A /* ZMarkupParser */,
			);
			productName = PodcastAnalyzer;
			productReference = 15ED5EED2EC44BC6001B6CD7 /* PodcastAnalyzer.app */;
			productType = "com.apple.product-type.application";
		};
		15ED5EFB2EC44BC9001B6CD7 /* PodcastAnalyzerTests */ = {
			isa = PBXNativeTarget;
			buildConfigurationList = 15ED5F132EC44BC9001B6CD7 /* Build configuration list for PBXNativeTarget "PodcastAnalyzerTests" */;
			buildPhases = (
				15ED5EF82EC44BC9001B6CD7 /* Sources */,
				15ED5EF92EC44BC9001B6CD7 /* Frameworks */,
				15ED5EFA2EC44BC9001B6CD7 /* Resources */,
			);
			buildRules = (
			);
			dependencies = (
				15ED5EFE2EC44BC9001B6CD7 /* PBXTargetDependency */,
			);
			fileSystemSynchronizedGroups = (
				15ED5EFF2EC44BC9001B6CD7 /* PodcastAnalyzerTests */,
			);
			name = PodcastAnalyzerTests;
			packageProductDependencies = (
			);
			productName = PodcastAnalyzerTests;
			productReference = 15ED5EFC2EC44BC9001B6CD7 /* PodcastAnalyzerTests.xctest */;
			productType = "com.apple.product-type.bundle.unit-test";
		};
		15ED5F052EC44BC9001B6CD7 /* PodcastAnalyzerUITests */ = {
			isa = PBXNativeTarget;
			buildConfigurationList = 15ED5F162EC44BC9001B6CD7 /* Build configuration list for PBXNativeTarget "PodcastAnalyzerUITests" */;
			buildPhases = (
				15ED5F022EC44BC9001B6CD7 /* Sources */,
				15ED5F032EC44BC9001B6CD7 /* Frameworks */,
				15ED5F042EC44BC9001B6CD7 /* Resources */,
			);
			buildRules = (
			);
			dependencies = (
				15ED5F082EC44BC9001B6CD7 /* PBXTargetDependency */,
			);
			fileSystemSynchronizedGroups = (
				15ED5F092EC44BC9001B6CD7 /* PodcastAnalyzerUITests */,
			);
			name = PodcastAnalyzerUITests;
			packageProductDependencies = (
			);
			productName = PodcastAnalyzerUITests;
			productReference = 15ED5F062EC44BC9001B6CD7 /* PodcastAnalyzerUITests.xctest */;
			productType = "com.apple.product-type.bundle.ui-testing";
		};
/* End PBXNativeTarget section */

/* Begin PBXProject section */
		15ED5EE52EC44BC6001B6CD7 /* Project object */ = {
			isa = PBXProject;
			attributes = {
				BuildIndependentTargetsInParallel = 1;
				LastSwiftUpdateCheck = 2620;
				LastUpgradeCheck = 2620;
				TargetAttributes = {
					15AEEADE2F26464200D90D05 = {
						CreatedOnToolsVersion = 26.2;
					};
					15ED5EEC2EC44BC6001B6CD7 = {
						CreatedOnToolsVersion = 26.0.1;
					};
					15ED5EFB2EC44BC9001B6CD7 = {
						CreatedOnToolsVersion = 26.0.1;
						TestTargetID = 15ED5EEC2EC44BC6001B6CD7;
					};
					15ED5F052EC44BC9001B6CD7 = {
						CreatedOnToolsVersion = 26.0.1;
						TestTargetID = 15ED5EEC2EC44BC6001B6CD7;
					};
				};
			};
			buildConfigurationList = 15ED5EE82EC44BC6001B6CD7 /* Build configuration list for PBXProject "PodcastAnalyzer" */;
			developmentRegion = en;
			hasScannedForEncodings = 0;
			knownRegions = (
				en,
				Base,
			);
			mainGroup = 15ED5EE42EC44BC6001B6CD7;
			minimizedProjectReferenceProxies = 1;
			packageReferences = (
				1582408F2ED303EC000ABA90 /* XCRemoteSwiftPackageReference "FeedKit" */,
				155164712ED371680015567A /* XCRemoteSwiftPackageReference "ZMarkupParser" */,
			);
			preferredProjectObjectVersion = 77;
			productRefGroup = 15ED5EEE2EC44BC6001B6CD7 /* Products */;
			projectDirPath = "";
			projectRoot = "";
			targets = (
				15ED5EEC2EC44BC6001B6CD7 /* PodcastAnalyzer */,
				15ED5EFB2EC44BC9001B6CD7 /* PodcastAnalyzerTests */,
				15ED5F052EC44BC9001B6CD7 /* PodcastAnalyzerUITests */,
				15AEEADE2F26464200D90D05 /* PodcastAnalyzerWidgetExtension */,
			);
		};
/* End PBXProject section */

/* Begin PBXResourcesBuildPhase section */
		15AEEADD2F26464200D90D05 /* Resources */ = {
			isa = PBXResourcesBuildPhase;
			buildActionMask = 2147483647;
			files = (
			);
			runOnlyForDeploymentPostprocessing = 0;
		};
		15ED5EEB2EC44BC6001B6CD7 /* Resources */ = {
			isa = PBXResourcesBuildPhase;
			buildActionMask = 2147483647;
			files = (
			);
			runOnlyForDeploymentPostprocessing = 0;
		};
		15ED5EFA2EC44BC9001B6CD7 /* Resources */ = {
			isa = PBXResourcesBuildPhase;
			buildActionMask = 2147483647;
			files = (
			);
			runOnlyForDeploymentPostprocessing = 0;
		};
		15ED5F042EC44BC9001B6CD7 /* Resources */ = {
			isa = PBXResourcesBuildPhase;
			buildActionMask = 2147483647;
			files = (
			);
			runOnlyForDeploymentPostprocessing = 0;
		};
/* End PBXResourcesBuildPhase section */

/* Begin PBXSourcesBuildPhase section */
		15AEEADB2F26464200D90D05 /* Sources */ = {
			isa = PBXSourcesBuildPhase;
			buildActionMask = 2147483647;
			files = (
			);
			runOnlyForDeploymentPostprocessing = 0;
		};
		15ED5EE92EC44BC6001B6CD7 /* Sources */ = {
			isa = PBXSourcesBuildPhase;
			buildActionMask = 2147483647;
			files = (
			);
			runOnlyForDeploymentPostprocessing = 0;
		};
		15ED5EF82EC44BC9001B6CD7 /* Sources */ = {
			isa = PBXSourcesBuildPhase;
			buildActionMask = 2147483647;
			files = (
			);
			runOnlyForDeploymentPostprocessing = 0;
		};
		15ED5F022EC44BC9001B6CD7 /* Sources */ = {
			isa = PBXSourcesBuildPhase;
			buildActionMask = 2147483647;
			files = (
			);
			runOnlyForDeploymentPostprocessing = 0;
		};
/* End PBXSourcesBuildPhase section */

/* Begin PBXTargetDependency section */
		15AEEAED2F26464500D90D05 /* PBXTargetDependency */ = {
			isa = PBXTargetDependency;
			target = 15AEEADE2F26464200D90D05 /* PodcastAnalyzerWidgetExtension */;
			targetProxy = 15AEEAEC2F26464500D90D05 /* PBXContainerItemProxy */;
		};
		15ED5EFE2EC44BC9001B6CD7 /* PBXTargetDependency */ = {
			isa = PBXTargetDependency;
			target = 15ED5EEC2EC44BC6001B6CD7 /* PodcastAnalyzer */;
			targetProxy = 15ED5EFD2EC44BC9001B6CD7 /* PBXContainerItemProxy */;
		};
		15ED5F082EC44BC9001B6CD7 /* PBXTargetDependency */ = {
			isa = PBXTargetDependency;
			target = 15ED5EEC2EC44BC6001B6CD7 /* PodcastAnalyzer */;
			targetProxy = 15ED5F072EC44BC9001B6CD7 /* PBXContainerItemProxy */;
		};
/* End PBXTargetDependency section */

/* Begin XCBuildConfiguration section */
		15AEEAEF2F26464500D90D05 /* Debug */ = {
			isa = XCBuildConfiguration;
			buildSettings = {
				ASSETCATALOG_COMPILER_GLOBAL_ACCENT_COLOR_NAME = AccentColor;
				ASSETCATALOG_COMPILER_WIDGET_BACKGROUND_COLOR_NAME = WidgetBackground;
				CODE_SIGN_ENTITLEMENTS = PodcastAnalyzerWidget/PodcastAnalyzerWidgetExtension.entitlements;
				CODE_SIGN_STYLE = Automatic;
				CURRENT_PROJECT_VERSION = 1;
				DEVELOPMENT_TEAM = 2S6SA3LUZR;
				ENABLE_APP_SANDBOX = YES;
				ENABLE_HARDENED_RUNTIME = YES;
				GENERATE_INFOPLIST_FILE = YES;
				INFOPLIST_FILE = PodcastAnalyzerWidget/Info.plist;
				INFOPLIST_KEY_CFBundleDisplayName = PodcastAnalyzerWidget;
				INFOPLIST_KEY_NSHumanReadableCopyright = "";
				IPHONEOS_DEPLOYMENT_TARGET = 26.2;
				LD_RUNPATH_SEARCH_PATHS = (
					"$(inherited)",
					"@executable_path/Frameworks",
					"@executable_path/../../Frameworks",
				);
				"LD_RUNPATH_SEARCH_PATHS[sdk=macosx*]" = (
					"$(inherited)",
					"@executable_path/../Frameworks",
					"@executable_path/../../../../Frameworks",
				);
				MACOSX_DEPLOYMENT_TARGET = 26.2;
				MARKETING_VERSION = 1.0;
				PRODUCT_BUNDLE_IDENTIFIER = com.jn.PodcastAnalyzer.PodcastAnalyzerWidget;
				PRODUCT_NAME = "$(TARGET_NAME)";
				SDKROOT = auto;
				SKIP_INSTALL = YES;
				STRING_CATALOG_GENERATE_SYMBOLS = YES;
				SUPPORTED_PLATFORMS = "iphoneos iphonesimulator macosx xros xrsimulator";
				SWIFT_APPROACHABLE_CONCURRENCY = YES;
				SWIFT_EMIT_LOC_STRINGS = YES;
				SWIFT_UPCOMING_FEATURE_MEMBER_IMPORT_VISIBILITY = YES;
				SWIFT_VERSION = 6.0;
				TARGETED_DEVICE_FAMILY = "1,2,7";
				XROS_DEPLOYMENT_TARGET = 26.2;
			};
			name = Debug;
		};
		15AEEAF02F26464500D90D05 /* Release */ = {
			isa = XCBuildConfiguration;
			buildSettings = {
				ASSETCATALOG_COMPILER_GLOBAL_ACCENT_COLOR_NAME = AccentColor;
				ASSETCATALOG_COMPILER_WIDGET_BACKGROUND_COLOR_NAME = WidgetBackground;
				CODE_SIGN_ENTITLEMENTS = PodcastAnalyzerWidget/PodcastAnalyzerWidgetExtension.entitlements;
				CODE_SIGN_STYLE = Automatic;
				CURRENT_PROJECT_VERSION = 1;
				DEVELOPMENT_TEAM = 2S6SA3LUZR;
				ENABLE_APP_SANDBOX = YES;
				ENABLE_HARDENED_RUNTIME = YES;
				GENERATE_INFOPLIST_FILE = YES;
				INFOPLIST_FILE = PodcastAnalyzerWidget/Info.plist;
				INFOPLIST_KEY_CFBundleDisplayName = PodcastAnalyzerWidget;
				INFOPLIST_KEY_NSHumanReadableCopyright = "";
				IPHONEOS_DEPLOYMENT_TARGET = 26.2;
				LD_RUNPATH_SEARCH_PATHS = (
					"$(inherited)",
					"@executable_path/Frameworks",
					"@executable_path/../../Frameworks",
				);
				"LD_RUNPATH_SEARCH_PATHS[sdk=macosx*]" = (
					"$(inherited)",
					"@executable_path/../Frameworks",
					"@executable_path/../../../../Frameworks",
				);
				MACOSX_DEPLOYMENT_TARGET = 26.2;
				MARKETING_VERSION = 1.0;
				PRODUCT_BUNDLE_IDENTIFIER = com.jn.PodcastAnalyzer.PodcastAnalyzerWidget;
				PRODUCT_NAME = "$(TARGET_NAME)";
				SDKROOT = auto;
				SKIP_INSTALL = YES;
				STRING_CATALOG_GENERATE_SYMBOLS = YES;
				SUPPORTED_PLATFORMS = "iphoneos iphonesimulator macosx xros xrsimulator";
				SWIFT_APPROACHABLE_CONCURRENCY = YES;
				SWIFT_EMIT_LOC_STRINGS = YES;
				SWIFT_UPCOMING_FEATURE_MEMBER_IMPORT_VISIBILITY = YES;
				SWIFT_VERSION = 6.0;
				TARGETED_DEVICE_FAMILY = "1,2,7";
				XROS_DEPLOYMENT_TARGET = 26.2;
			};
			name = Release;
		};
		15ED5F0E2EC44BC9001B6CD7 /* Debug */ = {
			isa = XCBuildConfiguration;
			buildSettings = {
				ALWAYS_SEARCH_USER_PATHS = NO;
				ASSETCATALOG_COMPILER_GENERATE_SWIFT_ASSET_SYMBOL_EXTENSIONS = YES;
				CLANG_ANALYZER_NONNULL = YES;
				CLANG_ANALYZER_NUMBER_OBJECT_CONVERSION = YES_AGGRESSIVE;
				CLANG_CXX_LANGUAGE_STANDARD = "gnu++20";
				CLANG_ENABLE_MODULES = YES;
				CLANG_ENABLE_OBJC_ARC = YES;
				CLANG_ENABLE_OBJC_WEAK = YES;
				CLANG_WARN_BLOCK_CAPTURE_AUTORELEASING = YES;
				CLANG_WARN_BOOL_CONVERSION = YES;
				CLANG_WARN_COMMA = YES;
				CLANG_WARN_CONSTANT_CONVERSION = YES;
				CLANG_WARN_DEPRECATED_OBJC_IMPLEMENTATIONS = YES;
				CLANG_WARN_DIRECT_OBJC_ISA_USAGE = YES_ERROR;
				CLANG_WARN_DOCUMENTATION_COMMENTS = YES;
				CLANG_WARN_EMPTY_BODY = YES;
				CLANG_WARN_ENUM_CONVERSION = YES;
				CLANG_WARN_INFINITE_RECURSION = YES;
				CLANG_WARN_INT_CONVERSION = YES;
				CLANG_WARN_NON_LITERAL_NULL_CONVERSION = YES;
				CLANG_WARN_OBJC_IMPLICIT_RETAIN_SELF = YES;
				CLANG_WARN_OBJC_LITERAL_CONVERSION = YES;
				CLANG_WARN_OBJC_ROOT_CLASS = YES_ERROR;
				CLANG_WARN_QUOTED_INCLUDE_IN_FRAMEWORK_HEADER = YES;
				CLANG_WARN_RANGE_LOOP_ANALYSIS = YES;
				CLANG_WARN_STRICT_PROTOTYPES = YES;
				CLANG_WARN_SUSPICIOUS_MOVE = YES;
				CLANG_WARN_UNGUARDED_AVAILABILITY = YES_AGGRESSIVE;
				CLANG_WARN_UNREACHABLE_CODE = YES;
				CLANG_WARN__DUPLICATE_METHOD_MATCH = YES;
				COPY_PHASE_STRIP = NO;
				DEAD_CODE_STRIPPING = YES;
				DEBUG_INFORMATION_FORMAT = dwarf;
				ENABLE_STRICT_OBJC_MSGSEND = YES;
				ENABLE_TESTABILITY = YES;
				ENABLE_USER_SCRIPT_SANDBOXING = YES;
				GCC_C_LANGUAGE_STANDARD = gnu17;
				GCC_DYNAMIC_NO_PIC = NO;
				GCC_NO_COMMON_BLOCKS = YES;
				GCC_OPTIMIZATION_LEVEL = 0;
				GCC_PREPROCESSOR_DEFINITIONS = (
					"DEBUG=1",
					"$(inherited)",
				);
				GCC_WARN_64_TO_32_BIT_CONVERSION = YES;
				GCC_WARN_ABOUT_RETURN_TYPE = YES_ERROR;
				GCC_WARN_UNDECLARED_SELECTOR = YES;
				GCC_WARN_UNINITIALIZED_AUTOS = YES_AGGRESSIVE;
				GCC_WARN_UNUSED_FUNCTION = YES;
				GCC_WARN_UNUSED_VARIABLE = YES;
				LOCALIZATION_PREFERS_STRING_CATALOGS = YES;
				MTL_ENABLE_DEBUG_INFO = INCLUDE_SOURCE;
				MTL_FAST_MATH = YES;
				ONLY_ACTIVE_ARCH = YES;
				STRING_CATALOG_GENERATE_SYMBOLS = YES;
				SWIFT_ACTIVE_COMPILATION_CONDITIONS = "DEBUG $(inherited)";
				SWIFT_OPTIMIZATION_LEVEL = "-Onone";
			};
			name = Debug;
		};
		15ED5F0F2EC44BC9001B6CD7 /* Release */ = {
			isa = XCBuildConfiguration;
			buildSettings = {
				ALWAYS_SEARCH_USER_PATHS = NO;
				ASSETCATALOG_COMPILER_GENERATE_SWIFT_ASSET_SYMBOL_EXTENSIONS = YES;
				CLANG_ANALYZER_NONNULL = YES;
				CLANG_ANALYZER_NUMBER_OBJECT_CONVERSION = YES_AGGRESSIVE;
				CLANG_CXX_LANGUAGE_STANDARD = "gnu++20";
				CLANG_ENABLE_MODULES = YES;
				CLANG_ENABLE_OBJC_ARC = YES;
				CLANG_ENABLE_OBJC_WEAK = YES;
				CLANG_WARN_BLOCK_CAPTURE_AUTORELEASING = YES;
				CLANG_WARN_BOOL_CONVERSION = YES;
				CLANG_WARN_COMMA = YES;
				CLANG_WARN_CONSTANT_CONVERSION = YES;
				CLANG_WARN_DEPRECATED_OBJC_IMPLEMENTATIONS = YES;
				CLANG_WARN_DIRECT_OBJC_ISA_USAGE = YES_ERROR;
				CLANG_WARN_DOCUMENTATION_COMMENTS = YES;
				CLANG_WARN_EMPTY_BODY = YES;
				CLANG_WARN_ENUM_CONVERSION = YES;
				CLANG_WARN_INFINITE_RECURSION = YES;
				CLANG_WARN_INT_CONVERSION = YES;
				CLANG_WARN_NON_LITERAL_NULL_CONVERSION = YES;
				CLANG_WARN_OBJC_IMPLICIT_RETAIN_SELF = YES;
				CLANG_WARN_OBJC_LITERAL_CONVERSION = YES;
				CLANG_WARN_OBJC_ROOT_CLASS = YES_ERROR;
				CLANG_WARN_QUOTED_INCLUDE_IN_FRAMEWORK_HEADER = YES;
				CLANG_WARN_RANGE_LOOP_ANALYSIS = YES;
				CLANG_WARN_STRICT_PROTOTYPES = YES;
				CLANG_WARN_SUSPICIOUS_MOVE = YES;
				CLANG_WARN_UNGUARDED_AVAILABILITY = YES_AGGRESSIVE;
				CLANG_WARN_UNREACHABLE_CODE = YES;
				CLANG_WARN__DUPLICATE_METHOD_MATCH = YES;
				COPY_PHASE_STRIP = NO;
				DEAD_CODE_STRIPPING = YES;
				DEBUG_INFORMATION_FORMAT = "dwarf-with-dsym";
				ENABLE_NS_ASSERTIONS = NO;
				ENABLE_STRICT_OBJC_MSGSEND = YES;
				ENABLE_USER_SCRIPT_SANDBOXING = YES;
				GCC_C_LANGUAGE_STANDARD = gnu17;
				GCC_NO_COMMON_BLOCKS = YES;
				GCC_WARN_64_TO_32_BIT_CONVERSION = YES;
				GCC_WARN_ABOUT_RETURN_TYPE = YES_ERROR;
				GCC_WARN_UNDECLARED_SELECTOR = YES;
				GCC_WARN_UNINITIALIZED_AUTOS = YES_AGGRESSIVE;
				GCC_WARN_UNUSED_FUNCTION = YES;
				GCC_WARN_UNUSED_VARIABLE = YES;
				LOCALIZATION_PREFERS_STRING_CATALOGS = YES;
				MTL_ENABLE_DEBUG_INFO = NO;
				MTL_FAST_MATH = YES;
				STRING_CATALOG_GENERATE_SYMBOLS = YES;
				SWIFT_COMPILATION_MODE = wholemodule;
			};
			name = Release;
		};
		15ED5F112EC44BC9001B6CD7 /* Debug */ = {
			isa = XCBuildConfiguration;
			buildSettings = {
				ASSETCATALOG_COMPILER_APPICON_NAME = AppIcon;
				ASSETCATALOG_COMPILER_GLOBAL_ACCENT_COLOR_NAME = AccentColor;
				CODE_SIGN_ENTITLEMENTS = PodcastAnalyzer/PodcastAnalyzer.entitlements;
				CODE_SIGN_STYLE = Automatic;
				CURRENT_PROJECT_VERSION = 1;
				DEAD_CODE_STRIPPING = YES;
				DEVELOPMENT_TEAM = 2S6SA3LUZR;
				ENABLE_APP_SANDBOX = YES;
				ENABLE_INCOMING_NETWORK_CONNECTIONS = YES;
				ENABLE_OUTGOING_NETWORK_CONNECTIONS = YES;
				ENABLE_PREVIEWS = YES;
				ENABLE_RESOURCE_ACCESS_AUDIO_INPUT = NO;
				ENABLE_RESOURCE_ACCESS_BLUETOOTH = NO;
				ENABLE_RESOURCE_ACCESS_CALENDARS = NO;
				ENABLE_RESOURCE_ACCESS_CAMERA = NO;
				ENABLE_RESOURCE_ACCESS_CONTACTS = NO;
				ENABLE_RESOURCE_ACCESS_LOCATION = NO;
				ENABLE_RESOURCE_ACCESS_PRINTING = NO;
				ENABLE_RESOURCE_ACCESS_USB = NO;
				ENABLE_USER_SELECTED_FILES = readonly;
				GENERATE_INFOPLIST_FILE = YES;
				INFOPLIST_FILE = PodcastAnalyzer/Info.plist;
				INFOPLIST_KEY_NSSpeechRecognitionUsageDescription = "This app uses speech recognition to transcribe podcast episodes locally on your device.";
				"INFOPLIST_KEY_UIApplicationSceneManifest_Generation[sdk=iphoneos*]" = YES;
				"INFOPLIST_KEY_UIApplicationSceneManifest_Generation[sdk=iphonesimulator*]" = YES;
				"INFOPLIST_KEY_UIApplicationSupportsIndirectInputEvents[sdk=iphoneos*]" = YES;
				"INFOPLIST_KEY_UIApplicationSupportsIndirectInputEvents[sdk=iphonesimulator*]" = YES;
				"INFOPLIST_KEY_UILaunchScreen_Generation[sdk=iphoneos*]" = YES;
				"INFOPLIST_KEY_UILaunchScreen_Generation[sdk=iphonesimulator*]" = YES;
				"INFOPLIST_KEY_UIStatusBarStyle[sdk=iphoneos*]" = UIStatusBarStyleDefault;
				"INFOPLIST_KEY_UIStatusBarStyle[sdk=iphonesimulator*]" = UIStatusBarStyleDefault;
				INFOPLIST_KEY_UISupportedInterfaceOrientations_iPad = "UIInterfaceOrientationPortrait UIInterfaceOrientationPortraitUpsideDown UIInterfaceOrientationLandscapeLeft UIInterfaceOrientationLandscapeRight";
				INFOPLIST_KEY_UISupportedInterfaceOrientations_iPhone = "UIInterfaceOrientationPortrait UIInterfaceOrientationLandscapeLeft UIInterfaceOrientationLandscapeRight";
				IPHONEOS_DEPLOYMENT_TARGET = 26.0;
				LD_RUNPATH_SEARCH_PATHS = "@executable_path/Frameworks";
				"LD_RUNPATH_SEARCH_PATHS[sdk=macosx*]" = "@executable_path/../Frameworks";
				MACOSX_DEPLOYMENT_TARGET = 26.0;
				MARKETING_VERSION = 1.0;
				PRODUCT_BUNDLE_IDENTIFIER = com.jn.PodcastAnalyzer;
				PRODUCT_NAME = "$(TARGET_NAME)";
				REGISTER_APP_GROUPS = YES;
				SDKROOT = auto;
				STRING_CATALOG_GENERATE_SYMBOLS = YES;
				SUPPORTED_PLATFORMS = "iphoneos iphonesimulator macosx xros xrsimulator";
				SWIFT_APPROACHABLE_CONCURRENCY = YES;
				SWIFT_DEFAULT_ACTOR_ISOLATION = MainActor;
				SWIFT_EMIT_LOC_STRINGS = YES;
				SWIFT_STRICT_CONCURRENCY = complete;
				SWIFT_UPCOMING_FEATURE_MEMBER_IMPORT_VISIBILITY = YES;
				SWIFT_VERSION = 6.0;
				TARGETED_DEVICE_FAMILY = "1,2,7";
				XROS_DEPLOYMENT_TARGET = 26.0;
			};
			name = Debug;
		};
		15ED5F122EC44BC9001B6CD7 /* Release */ = {
			isa = XCBuildConfiguration;
			buildSettings = {
				ASSETCATALOG_COMPILER_APPICON_NAME = AppIcon;
				ASSETCATALOG_COMPILER_GLOBAL_ACCENT_COLOR_NAME = AccentColor;
				CODE_SIGN_ENTITLEMENTS = PodcastAnalyzer/PodcastAnalyzer.entitlements;
				CODE_SIGN_STYLE = Automatic;
				CURRENT_PROJECT_VERSION = 1;
				DEAD_CODE_STRIPPING = YES;
				DEVELOPMENT_TEAM = 2S6SA3LUZR;
				ENABLE_APP_SANDBOX = YES;
				ENABLE_INCOMING_NETWORK_CONNECTIONS = YES;
				ENABLE_OUTGOING_NETWORK_CONNECTIONS = YES;
				ENABLE_PREVIEWS = YES;
				ENABLE_RESOURCE_ACCESS_AUDIO_INPUT = NO;
				ENABLE_RESOURCE_ACCESS_BLUETOOTH = NO;
				ENABLE_RESOURCE_ACCESS_CALENDARS = NO;
				ENABLE_RESOURCE_ACCESS_CAMERA = NO;
				ENABLE_RESOURCE_ACCESS_CONTACTS = NO;
				ENABLE_RESOURCE_ACCESS_LOCATION = NO;
				ENABLE_RESOURCE_ACCESS_PRINTING = NO;
				ENABLE_RESOURCE_ACCESS_USB = NO;
				ENABLE_USER_SELECTED_FILES = readonly;
				GENERATE_INFOPLIST_FILE = YES;
				INFOPLIST_FILE = PodcastAnalyzer/Info.plist;
				INFOPLIST_KEY_NSSpeechRecognitionUsageDescription = "This app uses speech recognition to transcribe podcast episodes locally on your device.";
				"INFOPLIST_KEY_UIApplicationSceneManifest_Generation[sdk=iphoneos*]" = YES;
				"INFOPLIST_KEY_UIApplicationSceneManifest_Generation[sdk=iphonesimulator*]" = YES;
				"INFOPLIST_KEY_UIApplicationSupportsIndirectInputEvents[sdk=iphoneos*]" = YES;
				"INFOPLIST_KEY_UIApplicationSupportsIndirectInputEvents[sdk=iphonesimulator*]" = YES;
				"INFOPLIST_KEY_UILaunchScreen_Generation[sdk=iphoneos*]" = YES;
				"INFOPLIST_KEY_UILaunchScreen_Generation[sdk=iphonesimulator*]" = YES;
				"INFOPLIST_KEY_UIStatusBarStyle[sdk=iphoneos*]" = UIStatusBarStyleDefault;
				"INFOPLIST_KEY_UIStatusBarStyle[sdk=iphonesimulator*]" = UIStatusBarStyleDefault;
				INFOPLIST_KEY_UISupportedInterfaceOrientations_iPad = "UIInterfaceOrientationPortrait UIInterfaceOrientationPortraitUpsideDown UIInterfaceOrientationLandscapeLeft UIInterfaceOrientationLandscapeRight";
				INFOPLIST_KEY_UISupportedInterfaceOrientations_iPhone = "UIInterfaceOrientationPortrait UIInterfaceOrientationLandscapeLeft UIInterfaceOrientationLandscapeRight";
				IPHONEOS_DEPLOYMENT_TARGET = 26.0;
				LD_RUNPATH_SEARCH_PATHS = "@executable_path/Frameworks";
				"LD_RUNPATH_SEARCH_PATHS[sdk=macosx*]" = "@executable_path/../Frameworks";
				MACOSX_DEPLOYMENT_TARGET = 26.0;
				MARKETING_VERSION = 1.0;
				PRODUCT_BUNDLE_IDENTIFIER = com.jn.PodcastAnalyzer;
				PRODUCT_NAME = "$(TARGET_NAME)";
				REGISTER_APP_GROUPS = YES;
				SDKROOT = auto;
				STRING_CATALOG_GENERATE_SYMBOLS = YES;
				SUPPORTED_PLATFORMS = "iphoneos iphonesimulator macosx xros xrsimulator";
				SWIFT_APPROACHABLE_CONCURRENCY = YES;
				SWIFT_DEFAULT_ACTOR_ISOLATION = MainActor;
				SWIFT_EMIT_LOC_STRINGS = YES;
				SWIFT_STRICT_CONCURRENCY = complete;
				SWIFT_UPCOMING_FEATURE_MEMBER_IMPORT_VISIBILITY = YES;
				SWIFT_VERSION = 6.0;
				TARGETED_DEVICE_FAMILY = "1,2,7";
				XROS_DEPLOYMENT_TARGET = 26.0;
			};
			name = Release;
		};
		15ED5F142EC44BC9001B6CD7 /* Debug */ = {
			isa = XCBuildConfiguration;
			buildSettings = {
				BUNDLE_LOADER = "$(TEST_HOST)";
				CODE_SIGN_STYLE = Automatic;
				CURRENT_PROJECT_VERSION = 1;
				DEAD_CODE_STRIPPING = YES;
				DEVELOPMENT_TEAM = 2S6SA3LUZR;
				GENERATE_INFOPLIST_FILE = YES;
				IPHONEOS_DEPLOYMENT_TARGET = 26.0;
				MACOSX_DEPLOYMENT_TARGET = 26.0;
				MARKETING_VERSION = 1.0;
				PRODUCT_BUNDLE_IDENTIFIER = com.jn.PodcastAnalyzerTests;
				PRODUCT_NAME = "$(TARGET_NAME)";
				SDKROOT = auto;
				STRING_CATALOG_GENERATE_SYMBOLS = NO;
				SUPPORTED_PLATFORMS = "iphoneos iphonesimulator macosx xros xrsimulator";
				SWIFT_APPROACHABLE_CONCURRENCY = YES;
				SWIFT_EMIT_LOC_STRINGS = NO;
				SWIFT_STRICT_CONCURRENCY = complete;
				SWIFT_UPCOMING_FEATURE_MEMBER_IMPORT_VISIBILITY = YES;
				SWIFT_VERSION = 6.0;
				TARGETED_DEVICE_FAMILY = "1,2,7";
				TEST_HOST = "$(BUILT_PRODUCTS_DIR)/PodcastAnalyzer.app/$(BUNDLE_EXECUTABLE_FOLDER_PATH)/PodcastAnalyzer";
				XROS_DEPLOYMENT_TARGET = 26.0;
			};
			name = Debug;
		};
		15ED5F152EC44BC9001B6CD7 /* Release */ = {
			isa = XCBuildConfiguration;
			buildSettings = {
				BUNDLE_LOADER = "$(TEST_HOST)";
				CODE_SIGN_STYLE = Automatic;
				CURRENT_PROJECT_VERSION = 1;
				DEAD_CODE_STRIPPING = YES;
				DEVELOPMENT_TEAM = 2S6SA3LUZR;
				GENERATE_INFOPLIST_FILE = YES;
				IPHONEOS_DEPLOYMENT_TARGET = 26.0;
				MACOSX_DEPLOYMENT_TARGET = 26.0;
				MARKETING_VERSION = 1.0;
				PRODUCT_BUNDLE_IDENTIFIER = com.jn.PodcastAnalyzerTests;
				PRODUCT_NAME = "$(TARGET_NAME)";
				SDKROOT = auto;
				STRING_CATALOG_GENERATE_SYMBOLS = NO;
				SUPPORTED_PLATFORMS = "iphoneos iphonesimulator macosx xros xrsimulator";
				SWIFT_APPROACHABLE_CONCURRENCY = YES;
				SWIFT_EMIT_LOC_STRINGS = NO;
				SWIFT_STRICT_CONCURRENCY = complete;
				SWIFT_UPCOMING_FEATURE_MEMBER_IMPORT_VISIBILITY = YES;
				SWIFT_VERSION = 6.0;
				TARGETED_DEVICE_FAMILY = "1,2,7";
				TEST_HOST = "$(BUILT_PRODUCTS_DIR)/PodcastAnalyzer.app/$(BUNDLE_EXECUTABLE_FOLDER_PATH)/PodcastAnalyzer";
				XROS_DEPLOYMENT_TARGET = 26.0;
			};
			name = Release;
		};
		15ED5F172EC44BC9001B6CD7 /* Debug */ = {
			isa = XCBuildConfiguration;
			buildSettings = {
				CODE_SIGN_STYLE = Automatic;
				CURRENT_PROJECT_VERSION = 1;
				DEAD_CODE_STRIPPING = YES;
				DEVELOPMENT_TEAM = 2S6SA3LUZR;
				GENERATE_INFOPLIST_FILE = YES;
				IPHONEOS_DEPLOYMENT_TARGET = 26.0;
				MACOSX_DEPLOYMENT_TARGET = 26.0;
				MARKETING_VERSION = 1.0;
				PRODUCT_BUNDLE_IDENTIFIER = com.jn.PodcastAnalyzerUITests;
				PRODUCT_NAME = "$(TARGET_NAME)";
				SDKROOT = auto;
				STRING_CATALOG_GENERATE_SYMBOLS = NO;
				SUPPORTED_PLATFORMS = "iphoneos iphonesimulator macosx xros xrsimulator";
				SWIFT_APPROACHABLE_CONCURRENCY = YES;
				SWIFT_EMIT_LOC_STRINGS = NO;
				SWIFT_STRICT_CONCURRENCY = complete;
				SWIFT_UPCOMING_FEATURE_MEMBER_IMPORT_VISIBILITY = YES;
				SWIFT_VERSION = 6.0;
				TARGETED_DEVICE_FAMILY = "1,2,7";
				TEST_TARGET_NAME = PodcastAnalyzer;
				XROS_DEPLOYMENT_TARGET = 26.0;
			};
			name = Debug;
		};
		15ED5F182EC44BC9001B6CD7 /* Release */ = {
			isa = XCBuildConfiguration;
			buildSettings = {
				CODE_SIGN_STYLE = Automatic;
				CURRENT_PROJECT_VERSION = 1;
				DEAD_CODE_STRIPPING = YES;
				DEVELOPMENT_TEAM = 2S6SA3LUZR;
				GENERATE_INFOPLIST_FILE = YES;
				IPHONEOS_DEPLOYMENT_TARGET = 26.0;
				MACOSX_DEPLOYMENT_TARGET = 26.0;
				MARKETING_VERSION = 1.0;
				PRODUCT_BUNDLE_IDENTIFIER = com.jn.PodcastAnalyzerUITests;
				PRODUCT_NAME = "$(TARGET_NAME)";
				SDKROOT = auto;
				STRING_CATALOG_GENERATE_SYMBOLS = NO;
				SUPPORTED_PLATFORMS = "iphoneos iphonesimulator macosx xros xrsimulator";
				SWIFT_APPROACHABLE_CONCURRENCY = YES;
				SWIFT_EMIT_LOC_STRINGS = NO;
				SWIFT_STRICT_CONCURRENCY = complete;
				SWIFT_UPCOMING_FEATURE_MEMBER_IMPORT_VISIBILITY = YES;
				SWIFT_VERSION = 6.0;
				TARGETED_DEVICE_FAMILY = "1,2,7";
				TEST_TARGET_NAME = PodcastAnalyzer;
				XROS_DEPLOYMENT_TARGET = 26.0;
			};
			name = Release;
		};
/* End XCBuildConfiguration section */

/* Begin XCConfigurationList section */
		15AEEAF12F26464500D90D05 /* Build configuration list for PBXNativeTarget "PodcastAnalyzerWidgetExtension" */ = {
			isa = XCConfigurationList;
			buildConfigurations = (
				15AEEAEF2F26464500D90D05 /* Debug */,
				15AEEAF02F26464500D90D05 /* Release */,
			);
			defaultConfigurationIsVisible = 0;
			defaultConfigurationName = Release;
		};
		15ED5EE82EC44BC6001B6CD7 /* Build configuration list for PBXProject "PodcastAnalyzer" */ = {
			isa = XCConfigurationList;
			buildConfigurations = (
				15ED5F0E2EC44BC9001B6CD7 /* Debug */,
				15ED5F0F2EC44BC9001B6CD7 /* Release */,
			);
			defaultConfigurationIsVisible = 0;
			defaultConfigurationName = Release;
		};
		15ED5F102EC44BC9001B6CD7 /* Build configuration list for PBXNativeTarget "PodcastAnalyzer" */ = {
			isa = XCConfigurationList;
			buildConfigurations = (
				15ED5F112EC44BC9001B6CD7 /* Debug */,
				15ED5F122EC44BC9001B6CD7 /* Release */,
			);
			defaultConfigurationIsVisible = 0;
			defaultConfigurationName = Release;
		};
		15ED5F132EC44BC9001B6CD7 /* Build configuration list for PBXNativeTarget "PodcastAnalyzerTests" */ = {
			isa = XCConfigurationList;
			buildConfigurations = (
				15ED5F142EC44BC9001B6CD7 /* Debug */,
				15ED5F152EC44BC9001B6CD7 /* Release */,
			);
			defaultConfigurationIsVisible = 0;
			defaultConfigurationName = Release;
		};
		15ED5F162EC44BC9001B6CD7 /* Build configuration list for PBXNativeTarget "PodcastAnalyzerUITests" */ = {
			isa = XCConfigurationList;
			buildConfigurations = (
				15ED5F172EC44BC9001B6CD7 /* Debug */,
				15ED5F182EC44BC9001B6CD7 /* Release */,
			);
			defaultConfigurationIsVisible = 0;
			defaultConfigurationName = Release;
		};
/* End XCConfigurationList section */

/* Begin XCRemoteSwiftPackageReference section */
		155164712ED371680015567A /* XCRemoteSwiftPackageReference "ZMarkupParser" */ = {
			isa = XCRemoteSwiftPackageReference;
			repositoryURL = "https://github.com/ZhgChgLi/ZMarkupParser.git";
			requirement = {
				kind = upToNextMajorVersion;
				minimumVersion = 1.0.0;
			};
		};
		1582408F2ED303EC000ABA90 /* XCRemoteSwiftPackageReference "FeedKit" */ = {
			isa = XCRemoteSwiftPackageReference;
			repositoryURL = "https://github.com/nmdias/FeedKit";
			requirement = {
				kind = upToNextMajorVersion;
				minimumVersion = 10.1.3;
			};
		};
/* End XCRemoteSwiftPackageReference section */

/* Begin XCSwiftPackageProductDependency section */
		155164752ED374440015567A /* ZMarkupParser */ = {
			isa = XCSwiftPackageProductDependency;
			package = 155164712ED371680015567A /* XCRemoteSwiftPackageReference "ZMarkupParser" */;
			productName = ZMarkupParser;
		};
		158240902ED303EC000ABA90 /* FeedKit */ = {
			isa = XCSwiftPackageProductDependency;
			package = 1582408F2ED303EC000ABA90 /* XCRemoteSwiftPackageReference "FeedKit" */;
			productName = FeedKit;
		};
		158240922ED303EC000ABA90 /* XMLKit */ = {
			isa = XCSwiftPackageProductDependency;
			package = 1582408F2ED303EC000ABA90 /* XCRemoteSwiftPackageReference "FeedKit" */;
			productName = XMLKit;
		};
/* End XCSwiftPackageProductDependency section */
	};
	rootObject = 15ED5EE52EC44BC6001B6CD7 /* Project object */;
}
